
Microsoft Visual Studio Solution File, Format Version 11.00
# Visual Studio 2010
Project("{FAE04EC0-301F-11D3-BF4B-00C04F79EFBC}") = "AvoidObstacle", "Assembly-CSharp.csproj", "{65B5B73C-34A9-A6A5-D2AC-DFB3ED5D390B}"
EndProject
Global
	GlobalSection(SolutionConfigurationPlatforms) = preSolution
		Debug|Any CPU = Debug|Any CPU
		Release|Any CPU = Release|Any CPU
	EndGlobalSection
	GlobalSection(ProjectConfigurationPlatforms) = postSolution
		{65B5B73C-34A9-A6A5-D2AC-DFB3ED5D390B}.Debug|Any CPU.ActiveCfg = Debug|Any CPU
		{65B5B73C-34A9-A6A5-D2AC-DFB3ED5D390B}.Debug|Any CPU.Build.0 = Debug|Any CPU
		{65B5B73C-34A9-A6A5-D2AC-DFB3ED5D390B}.Release|Any CPU.ActiveCfg = Release|Any CPU
		{65B5B73C-34A9-A6A5-D2AC-DFB3ED5D390B}.Release|Any CPU.Build.0 = Release|Any CPU
	EndGlobalSection
	GlobalSection(SolutionProperties) = preSolution
		HideSolutionNode = FALSE
	EndGlobalSection
	GlobalSection(MonoDevelopProperties) = preSolution
		StartupItem = Assembly-CSharp.csproj
	EndGlobalSection
EndGlobal
